<Solution>
  <Folder Name="/apps/" />
  <Folder Name="/apps/Batch/" />
  <Folder Name="/apps/Batch/app/">
    <Project Path="apps/Batch/app/Nullprice.Batch.App/Nullprice.Batch.App.csproj" />
  </Folder>
  <Folder Name="/apps/Batch/src/">
    <Project Path="apps/Batch/src/Nullprice.Batch.Core/Nullprice.Batch.Core.csproj" />
  </Folder>
  <Folder Name="/apps/Batch/tests/">
    <Project Path="apps/Batch/tests/Nullprice.Batch.Core.Tests/Nullprice.Batch.Core.Tests.csproj" />
  </Folder>
  <Folder Name="/apps/Ferry/" />
  <Folder Name="/apps/Ferry/app/">
    <Project Path="apps/Ferry/app/Nullprice.Ferry.App/Nullprice.Ferry.App.csproj" />
  </Folder>
  <Folder Name="/apps/Ferry/src/">
    <Project Path="apps/Ferry/src/Nullprice.Ferry.Core/Nullprice.Ferry.Core.csproj" />
  </Folder>
  <Folder Name="/apps/Ferry/tests/">
    <Project Path="apps/Ferry/tests/Nullprice.Ferry.Core.Tests/Nullprice.Ferry.Core.Tests.csproj" />
  </Folder>
  <Folder Name="/apps/Carry/" />
  <Folder Name="/apps/Carry/app/">
    <Project Path="apps/Carry/app/Nullprice.Carry.App/Nullprice.Carry.App.csproj" />
  </Folder>
  <Folder Name="/apps/Carry/src/">
    <Project Path="apps/Carry/src/Nullprice.Carry.Core/Nullprice.Carry.Core.csproj" />
  </Folder>
  <Folder Name="/apps/Carry/tests/">
    <Project Path="apps/Carry/tests/Nullprice.Carry.Core.Tests/Nullprice.Carry.Core.Tests.csproj" />
  </Folder>
</Solution>
